
Microsoft Visual Studio Solution File, Format Version 12.00
# Visual Studio Version 16
VisualStudioVersion = 16.0.28917.182
MinimumVisualStudioVersion = 10.0.40219.1
Project("{9A19103F-16F7-4668-BE54-9A1E7A4F7556}") = "Portfolio", "Portfolio\Portfolio.csproj", "{EAD8A82E-D984-492F-9606-0E2702CD92E5}"
EndProject
Global
	GlobalSection(SolutionConfigurationPlatforms) = preSolution
		Debug|Any CPU = Debug|Any CPU
		Release|Any CPU = Release|Any CPU
	EndGlobalSection
	GlobalSection(ProjectConfigurationPlatforms) = postSolution
		{EAD8A82E-D984-492F-9606-0E2702CD92E5}.Debug|Any CPU.ActiveCfg = Debug|Any CPU
		{EAD8A82E-D984-492F-9606-0E2702CD92E5}.Debug|Any CPU.Build.0 = Debug|Any CPU
		{EAD8A82E-D984-492F-9606-0E2702CD92E5}.Release|Any CPU.ActiveCfg = Release|Any CPU
		{EAD8A82E-D984-492F-9606-0E2702CD92E5}.Release|Any CPU.Build.0 = Release|Any CPU
	EndGlobalSection
	GlobalSection(SolutionProperties) = preSolution
		HideSolutionNode = FALSE
	EndGlobalSection
	GlobalSection(ExtensibilityGlobals) = postSolution
		SolutionGuid = {9334117D-C9F0-4057-871A-6A66DA21738D}
	EndGlobalSection
EndGlobal
